// !$*UTF8*$!
{
	archiveVersion = 1;
	classes = {
	};
	objectVersion = 46;
	objects = {

/* Begin PBXBuildFile section */
		341511571D2FF2A100D2027E /* AppDelegate.swift in Sources */ = {isa = PBXBuildFile; fileRef = 341511561D2FF2A100D2027E /* AppDelegate.swift */; };
		341511591D2FF2A100D2027E /* ViewController.swift in Sources */ = {isa = PBXBuildFile; fileRef = 341511581D2FF2A100D2027E /* ViewController.swift */; };
		3415115C1D2FF2A100D2027E /* Main.storyboard in Resources */ = {isa = PBXBuildFile; fileRef = 3415115A1D2FF2A100D2027E /* Main.storyboard */; };
		3415115E1D2FF2A100D2027E /* Assets.xcassets in Resources */ = {isa = PBXBuildFile; fileRef = 3415115D1D2FF2A100D2027E /* Assets.xcassets */; };
		341511611D2FF2A100D2027E /* LaunchScreen.storyboard in Resources */ = {isa = PBXBuildFile; fileRef = 3415115F1D2FF2A100D2027E /* LaunchScreen.storyboard */; };
		3415116A1D2FF34100D2027E /* NumbertailGameController.swift in Sources */ = {isa = PBXBuildFile; fileRef = 341511691D2FF34100D2027E /* NumbertailGameController.swift */; };
		3415116C1D2FF71500D2027E /* GamebordView.swift in Sources */ = {isa = PBXBuildFile; fileRef = 3415116B1D2FF71500D2027E /* GamebordView.swift */; };
		3415116E1D2FFA0700D2027E /* ReadMe.swift in Sources */ = {isa = PBXBuildFile; fileRef = 3415116D1D2FFA0700D2027E /* ReadMe.swift */; };
		341511701D32599900D2027E /* ScoreView.swift in Sources */ = {isa = PBXBuildFile; fileRef = 3415116F1D32599900D2027E /* ScoreView.swift */; };
		341511721D325CC400D2027E /* TileView.swift in Sources */ = {isa = PBXBuildFile; fileRef = 341511711D325CC400D2027E /* TileView.swift */; };
		341511751D325DC800D2027E /* ApperanceProvider.swift in Sources */ = {isa = PBXBuildFile; fileRef = 341511741D325DC800D2027E /* ApperanceProvider.swift */; };
		341511771D327BA400D2027E /* BaseModle.swift in Sources */ = {isa = PBXBuildFile; fileRef = 341511761D327BA400D2027E /* BaseModle.swift */; };
		341511791D327C6300D2027E /* GameModle.swift in Sources */ = {isa = PBXBuildFile; fileRef = 341511781D327C6300D2027E /* GameModle.swift */; };
/* End PBXBuildFile section */

/* Begin PBXFileReference section */
		341511531D2FF2A100D2027E /* DigitalLife.app */ = {isa = PBXFileReference; explicitFileType = wrapper.application; includeInIndex = 0; path = DigitalLife.app; sourceTree = BUILT_PRODUCTS_DIR; };
		341511561D2FF2A100D2027E /* AppDelegate.swift */ = {isa = PBXFileReference; lastKnownFileType = sourcecode.swift; path = AppDelegate.swift; sourceTree = "<group>"; };
		341511581D2FF2A100D2027E /* ViewController.swift */ = {isa = PBXFileReference; lastKnownFileType = sourcecode.swift; path = ViewController.swift; sourceTree = "<group>"; };
		3415115B1D2FF2A100D2027E /* Base */ = {isa = PBXFileReference; lastKnownFileType = file.storyboard; name = Base; path = Base.lproj/Main.storyboard; sourceTree = "<group>"; };
		3415115D1D2FF2A100D2027E /* Assets.xcassets */ = {isa = PBXFileReference; lastKnownFileType = folder.assetcatalog; path = Assets.xcassets; sourceTree = "<group>"; };
		341511601D2FF2A100D2027E /* Base */ = {isa = PBXFileReference; lastKnownFileType = file.storyboard; name = Base; path = Base.lproj/LaunchScreen.storyboard; sourceTree = "<group>"; };
		341511621D2FF2A100D2027E /* Info.plist */ = {isa = PBXFileReference; lastKnownFileType = text.plist.xml; path = Info.plist; sourceTree = "<group>"; };
		341511691D2FF34100D2027E /* NumbertailGameController.swift */ = {isa = PBXFileReference; fileEncoding = 4; lastKnownFileType = sourcecode.swift; path = NumbertailGameController.swift; sourceTree = "<group>"; };
		3415116B1D2FF71500D2027E /* GamebordView.swift */ = {isa = PBXFileReference; fileEncoding = 4; lastKnownFileType = sourcecode.swift; path = GamebordView.swift; sourceTree = "<group>"; };
		3415116D1D2FFA0700D2027E /* ReadMe.swift */ = {isa = PBXFileReference; fileEncoding = 4; lastKnownFileType = sourcecode.swift; path = ReadMe.swift; sourceTree = "<group>"; };
		3415116F1D32599900D2027E /* ScoreView.swift */ = {isa = PBXFileReference; fileEncoding = 4; lastKnownFileType = sourcecode.swift; path = ScoreView.swift; sourceTree = "<group>"; };
		341511711D325CC400D2027E /* TileView.swift */ = {isa = PBXFileReference; fileEncoding = 4; lastKnownFileType = sourcecode.swift; path = TileView.swift; sourceTree = "<group>"; };
		341511741D325DC800D2027E /* ApperanceProvider.swift */ = {isa = PBXFileReference; fileEncoding = 4; lastKnownFileType = sourcecode.swift; path = ApperanceProvider.swift; sourceTree = "<group>"; };
		341511761D327BA400D2027E /* BaseModle.swift */ = {isa = PBXFileReference; fileEncoding = 4; lastKnownFileType = sourcecode.swift; path = BaseModle.swift; sourceTree = "<group>"; };
		341511781D327C6300D2027E /* GameModle.swift */ = {isa = PBXFileReference; fileEncoding = 4; lastKnownFileType = sourcecode.swift; path = GameModle.swift; sourceTree = "<group>"; };
/* End PBXFileReference section */

/* Begin PBXFrameworksBuildPhase section */
		341511501D2FF2A100D2027E /* Frameworks */ = {
			isa = PBXFrameworksBuildPhase;
			buildActionMask = 2147483647;
			files = (
			);
			runOnlyForDeploymentPostprocessing = 0;
		};
/* End PBXFrameworksBuildPhase section */

/* Begin PBXGroup section */
		3415114A1D2FF2A100D2027E = {
			isa = PBXGroup;
			children = (
				341511551D2FF2A100D2027E /* DigitalLife */,
				341511541D2FF2A100D2027E /* Products */,
			);
			sourceTree = "<group>";
		};
		341511541D2FF2A100D2027E /* Products */ = {
			isa = PBXGroup;
			children = (
				341511531D2FF2A100D2027E /* DigitalLife.app */,
			);
			name = Products;
			sourceTree = "<group>";
		};
		341511551D2FF2A100D2027E /* DigitalLife */ = {
			isa = PBXGroup;
			children = (
				341511681D2FF32D00D2027E /* Main */,
				341511561D2FF2A100D2027E /* AppDelegate.swift */,
				341511581D2FF2A100D2027E /* ViewController.swift */,
				3415115A1D2FF2A100D2027E /* Main.storyboard */,
				3415115D1D2FF2A100D2027E /* Assets.xcassets */,
				3415115F1D2FF2A100D2027E /* LaunchScreen.storyboard */,
				341511621D2FF2A100D2027E /* Info.plist */,
				3415116D1D2FFA0700D2027E /* ReadMe.swift */,
			);
			path = DigitalLife;
			sourceTree = "<group>";
		};
		341511681D2FF32D00D2027E /* Main */ = {
			isa = PBXGroup;
			children = (
				341511691D2FF34100D2027E /* NumbertailGameController.swift */,
				3415116B1D2FF71500D2027E /* GamebordView.swift */,
				3415116F1D32599900D2027E /* ScoreView.swift */,
				341511711D325CC400D2027E /* TileView.swift */,
				341511741D325DC800D2027E /* ApperanceProvider.swift */,
				341511761D327BA400D2027E /* BaseModle.swift */,
				341511781D327C6300D2027E /* GameModle.swift */,
			);
			name = Main;
			sourceTree = "<group>";
		};
/* End PBXGroup section */

/* Begin PBXNativeTarget section */
		341511521D2FF2A100D2027E /* DigitalLife */ = {
			isa = PBXNativeTarget;
			buildConfigurationList = 341511651D2FF2A100D2027E /* Build configuration list for PBXNativeTarget "DigitalLife" */;
			buildPhases = (
				3415114F1D2FF2A100D2027E /* Sources */,
				341511501D2FF2A100D2027E /* Frameworks */,
				341511511D2FF2A100D2027E /* Resources */,
			);
			buildRules = (
			);
			dependencies = (
			);
			name = DigitalLife;
			productName = DigitalLife;
			productReference = 341511531D2FF2A100D2027E /* DigitalLife.app */;
			productType = "com.apple.product-type.application";
		};
/* End PBXNativeTarget section */

/* Begin PBXProject section */
		3415114B1D2FF2A100D2027E /* Project object */ = {
			isa = PBXProject;
			attributes = {
				LastSwiftUpdateCheck = 0730;
				LastUpgradeCheck = 0820;
				ORGANIZATIONNAME = ChenQianPing;
				TargetAttributes = {
					341511521D2FF2A100D2027E = {
						CreatedOnToolsVersion = 7.3.1;
						DevelopmentTeam = GV3E426MWC;
						LastSwiftMigration = 0820;
						ProvisioningStyle = Automatic;
					};
				};
			};
			buildConfigurationList = 3415114E1D2FF2A100D2027E /* Build configuration list for PBXProject "DigitalLife" */;
			compatibilityVersion = "Xcode 3.2";
			developmentRegion = English;
			hasScannedForEncodings = 0;
			knownRegions = (
				en,
				Base,
			);
			mainGroup = 3415114A1D2FF2A100D2027E;
			productRefGroup = 341511541D2FF2A100D2027E /* Products */;
			projectDirPath = "";
			projectRoot = "";
			targets = (
				341511521D2FF2A100D2027E /* DigitalLife */,
			);
		};
/* End PBXProject section */

/* Begin PBXResourcesBuildPhase section */
		341511511D2FF2A100D2027E /* Resources */ = {
			isa = PBXResourcesBuildPhase;
			buildActionMask = 2147483647;
			files = (
				341511611D2FF2A100D2027E /* LaunchScreen.storyboard in Resources */,
				3415115E1D2FF2A100D2027E /* Assets.xcassets in Resources */,
				3415115C1D2FF2A100D2027E /* Main.storyboard in Resources */,
			);
			runOnlyForDeploymentPostprocessing = 0;
		};
/* End PBXResourcesBuildPhase section */

/* Begin PBXSourcesBuildPhase section */
		3415114F1D2FF2A100D2027E /* Sources */ = {
			isa = PBXSourcesBuildPhase;
			buildActionMask = 2147483647;
			files = (
				341511591D2FF2A100D2027E /* ViewController.swift in Sources */,
				341511721D325CC400D2027E /* TileView.swift in Sources */,
				341511771D327BA400D2027E /* BaseModle.swift in Sources */,
				3415116C1D2FF71500D2027E /* GamebordView.swift in Sources */,
				341511571D2FF2A100D2027E /* AppDelegate.swift in Sources */,
				341511751D325DC800D2027E /* ApperanceProvider.swift in Sources */,
				3415116E1D2FFA0700D2027E /* ReadMe.swift in Sources */,
				341511791D327C6300D2027E /* GameModle.swift in Sources */,
				3415116A1D2FF34100D2027E /* NumbertailGameController.swift in Sources */,
				341511701D32599900D2027E /* ScoreView.swift in Sources */,
			);
			runOnlyForDeploymentPostprocessing = 0;
		};
/* End PBXSourcesBuildPhase section */

/* Begin PBXVariantGroup section */
		3415115A1D2FF2A100D2027E /* Main.storyboard */ = {
			isa = PBXVariantGroup;
			children = (
				3415115B1D2FF2A100D2027E /* Base */,
			);
			name = Main.storyboard;
			sourceTree = "<group>";
		};
		3415115F1D2FF2A100D2027E /* LaunchScreen.storyboard */ = {
			isa = PBXVariantGroup;
			children = (
				341511601D2FF2A100D2027E /* Base */,
			);
			name = LaunchScreen.storyboard;
			sourceTree = "<group>";
		};
/* End PBXVariantGroup section */

/* Begin XCBuildConfiguration section */
		341511631D2FF2A100D2027E /* Debug */ = {
			isa = XCBuildConfiguration;
			buildSettings = {
				ALWAYS_SEARCH_USER_PATHS = NO;
				CLANG_ANALYZER_NONNULL = YES;
				CLANG_CXX_LANGUAGE_STANDARD = "gnu++0x";
				CLANG_CXX_LIBRARY = "libc++";
				CLANG_ENABLE_MODULES = YES;
				CLANG_ENABLE_OBJC_ARC = YES;
				CLANG_WARN_BOOL_CONVERSION = YES;
				CLANG_WARN_CONSTANT_CONVERSION = YES;
				CLANG_WARN_DIRECT_OBJC_ISA_USAGE = YES_ERROR;
				CLANG_WARN_EMPTY_BODY = YES;
				CLANG_WARN_ENUM_CONVERSION = YES;
				CLANG_WARN_INFINITE_RECURSION = YES;
				CLANG_WARN_INT_CONVERSION = YES;
				CLANG_WARN_OBJC_ROOT_CLASS = YES_ERROR;
				CLANG_WARN_SUSPICIOUS_MOVE = YES;
				CLANG_WARN_UNREACHABLE_CODE = YES;
				CLANG_WARN__DUPLICATE_METHOD_MATCH = YES;
				"CODE_SIGN_IDENTITY[sdk=iphoneos*]" = "iPhone Developer";
				COPY_PHASE_STRIP = NO;
				DEBUG_INFORMATION_FORMAT = dwarf;
				ENABLE_STRICT_OBJC_MSGSEND = YES;
				ENABLE_TESTABILITY = YES;
				GCC_C_LANGUAGE_STANDARD = gnu99;
				GCC_DYNAMIC_NO_PIC = NO;
				GCC_NO_COMMON_BLOCKS = YES;
				GCC_OPTIMIZATION_LEVEL = 0;
				GCC_PREPROCESSOR_DEFINITIONS = (
					"DEBUG=1",
					"$(inherited)",
				);
				GCC_WARN_64_TO_32_BIT_CONVERSION = YES;
				GCC_WARN_ABOUT_RETURN_TYPE = YES_ERROR;
				GCC_WARN_UNDECLARED_SELECTOR = YES;
				GCC_WARN_UNINITIALIZED_AUTOS = YES_AGGRESSIVE;
				GCC_WARN_UNUSED_FUNCTION = YES;
				GCC_WARN_UNUSED_VARIABLE = YES;
				IPHONEOS_DEPLOYMENT_TARGET = 9.3;
				MTL_ENABLE_DEBUG_INFO = YES;
				ONLY_ACTIVE_ARCH = YES;
				SDKROOT = iphoneos;
				SWIFT_OPTIMIZATION_LEVEL = "-Onone";
			};
			name = Debug;
		};
		341511641D2FF2A100D2027E /* Release */ = {
			isa = XCBuildConfiguration;
			buildSettings = {
				ALWAYS_SEARCH_USER_PATHS = NO;
				CLANG_ANALYZER_NONNULL = YES;
				CLANG_CXX_LANGUAGE_STANDARD = "gnu++0x";
				CLANG_CXX_LIBRARY = "libc++";
				CLANG_ENABLE_MODULES = YES;
				CLANG_ENABLE_OBJC_ARC = YES;
				CLANG_WARN_BOOL_CONVERSION = YES;
				CLANG_WARN_CONSTANT_CONVERSION = YES;
				CLANG_WARN_DIRECT_OBJC_ISA_USAGE = YES_ERROR;
				CLANG_WARN_EMPTY_BODY = YES;
				CLANG_WARN_ENUM_CONVERSION = YES;
				CLANG_WARN_INFINITE_RECURSION = YES;
				CLANG_WARN_INT_CONVERSION = YES;
				CLANG_WARN_OBJC_ROOT_CLASS = YES_ERROR;
				CLANG_WARN_SUSPICIOUS_MOVE = YES;
				CLANG_WARN_UNREACHABLE_CODE = YES;
				CLANG_WARN__DUPLICATE_METHOD_MATCH = YES;
				"CODE_SIGN_IDENTITY[sdk=iphoneos*]" = "iPhone Developer";
				COPY_PHASE_STRIP = NO;
				DEBUG_INFORMATION_FORMAT = "dwarf-with-dsym";
				ENABLE_NS_ASSERTIONS = NO;
				ENABLE_STRICT_OBJC_MSGSEND = YES;
				GCC_C_LANGUAGE_STANDARD = gnu99;
				GCC_NO_COMMON_BLOCKS = YES;
				GCC_WARN_64_TO_32_BIT_CONVERSION = YES;
				GCC_WARN_ABOUT_RETURN_TYPE = YES_ERROR;
				GCC_WARN_UNDECLARED_SELECTOR = YES;
				GCC_WARN_UNINITIALIZED_AUTOS = YES_AGGRESSIVE;
				GCC_WARN_UNUSED_FUNCTION = YES;
				GCC_WARN_UNUSED_VARIABLE = YES;
				IPHONEOS_DEPLOYMENT_TARGET = 9.3;
				MTL_ENABLE_DEBUG_INFO = NO;
				SDKROOT = iphoneos;
				SWIFT_OPTIMIZATION_LEVEL = "-Owholemodule";
				VALIDATE_PRODUCT = YES;
			};
			name = Release;
		};
		341511661D2FF2A100D2027E /* Debug */ = {
			isa = XCBuildConfiguration;
			buildSettings = {
				ASSETCATALOG_COMPILER_APPICON_NAME = AppIcon;
				ASSETCATALOG_COMPILER_LAUNCHIMAGE_NAME = LaunchImage;
				CODE_SIGN_IDENTITY = "iPhone Distribution: QianPing Chen (66U23U4WWM)";
				"CODE_SIGN_IDENTITY[sdk=iphoneos*]" = "iPhone Developer";
				DEVELOPMENT_TEAM = GV3E426MWC;
				INFOPLIST_FILE = DigitalLife/Info.plist;
				IPHONEOS_DEPLOYMENT_TARGET = 8.0;
				LD_RUNPATH_SEARCH_PATHS = "$(inherited) @executable_path/Frameworks";
				PRODUCT_BUNDLE_IDENTIFIER = com.chenqianping.DigitalLife;
				PRODUCT_NAME = "$(TARGET_NAME)";
				SWIFT_VERSION = 3.0;
			};
			name = Debug;
		};
		341511671D2FF2A100D2027E /* Release */ = {
			isa = XCBuildConfiguration;
			buildSettings = {
				ASSETCATALOG_COMPILER_APPICON_NAME = AppIcon;
				ASSETCATALOG_COMPILER_LAUNCHIMAGE_NAME = LaunchImage;
				CODE_SIGN_IDENTITY = "iPhone Distribution: QianPing Chen (66U23U4WWM)";
				"CODE_SIGN_IDENTITY[sdk=iphoneos*]" = "iPhone Developer";
				DEVELOPMENT_TEAM = GV3E426MWC;
				INFOPLIST_FILE = DigitalLife/Info.plist;
				IPHONEOS_DEPLOYMENT_TARGET = 8.0;
				LD_RUNPATH_SEARCH_PATHS = "$(inherited) @executable_path/Frameworks";
				PRODUCT_BUNDLE_IDENTIFIER = com.chenqianping.DigitalLife;
				PRODUCT_NAME = "$(TARGET_NAME)";
				SWIFT_VERSION = 3.0;
			};
			name = Release;
		};
/* End XCBuildConfiguration section */

/* Begin XCConfigurationList section */
		3415114E1D2FF2A100D2027E /* Build configuration list for PBXProject "DigitalLife" */ = {
			isa = XCConfigurationList;
			buildConfigurations = (
				341511631D2FF2A100D2027E /* Debug */,
				341511641D2FF2A100D2027E /* Release */,
			);
			defaultConfigurationIsVisible = 0;
			defaultConfigurationName = Release;
		};
		341511651D2FF2A100D2027E /* Build configuration list for PBXNativeTarget "DigitalLife" */ = {
			isa = XCConfigurationList;
			buildConfigurations = (
				341511661D2FF2A100D2027E /* Debug */,
				341511671D2FF2A100D2027E /* Release */,
			);
			defaultConfigurationIsVisible = 0;
			defaultConfigurationName = Release;
		};
/* End XCConfigurationList section */
	};
	rootObject = 3415114B1D2FF2A100D2027E /* Project object */;
}
